// !$*UTF8*$!
{
	archiveVersion = 1;
	classes = {
	};
	objectVersion = 50;
	objects = {

/* Begin PBXBuildFile section */
		34062B54244EBC580010D4CD /* AppDelegate.swift in Sources */ = {isa = PBXBuildFile; fileRef = 34062B53244EBC580010D4CD /* AppDelegate.swift */; };
		34062B56244EBC580010D4CD /* SceneDelegate.swift in Sources */ = {isa = PBXBuildFile; fileRef = 34062B55244EBC580010D4CD /* SceneDelegate.swift */; };
		34062B58244EBC580010D4CD /* ViewController.swift in Sources */ = {isa = PBXBuildFile; fileRef = 34062B57244EBC580010D4CD /* ViewController.swift */; };
		34062B5B244EBC580010D4CD /* Main.storyboard in Resources */ = {isa = PBXBuildFile; fileRef = 34062B59244EBC580010D4CD /* Main.storyboard */; };
		34062B5D244EBC5A0010D4CD /* Assets.xcassets in Resources */ = {isa = PBXBuildFile; fileRef = 34062B5C244EBC5A0010D4CD /* Assets.xcassets */; };
		34062B60244EBC5A0010D4CD /* LaunchScreen.storyboard in Resources */ = {isa = PBXBuildFile; fileRef = 34062B5E244EBC5A0010D4CD /* LaunchScreen.storyboard */; };
		34062B68244EC6160010D4CD /* Book.swift in Sources */ = {isa = PBXBuildFile; fileRef = 34062B67244EC6160010D4CD /* Book.swift */; };
		34062B6B244ECE4C0010D4CD /* BookTableViewCell.swift in Sources */ = {isa = PBXBuildFile; fileRef = 34062B69244ECE4C0010D4CD /* BookTableViewCell.swift */; };
		34062B6C244ECE4C0010D4CD /* BookTableViewCell.xib in Resources */ = {isa = PBXBuildFile; fileRef = 34062B6A244ECE4C0010D4CD /* BookTableViewCell.xib */; };
		34062B6E244EE9280010D4CD /* Preferences.plist in Resources */ = {isa = PBXBuildFile; fileRef = 34062B6D244EE9280010D4CD /* Preferences.plist */; };
/* End PBXBuildFile section */

/* Begin PBXFileReference section */
		34062B50244EBC580010D4CD /* Books.app */ = {isa = PBXFileReference; explicitFileType = wrapper.application; includeInIndex = 0; path = Books.app; sourceTree = BUILT_PRODUCTS_DIR; };
		34062B53244EBC580010D4CD /* AppDelegate.swift */ = {isa = PBXFileReference; lastKnownFileType = sourcecode.swift; path = AppDelegate.swift; sourceTree = "<group>"; };
		34062B55244EBC580010D4CD /* SceneDelegate.swift */ = {isa = PBXFileReference; lastKnownFileType = sourcecode.swift; path = SceneDelegate.swift; sourceTree = "<group>"; };
		34062B57244EBC580010D4CD /* ViewController.swift */ = {isa = PBXFileReference; lastKnownFileType = sourcecode.swift; path = ViewController.swift; sourceTree = "<group>"; };
		34062B5A244EBC580010D4CD /* Base */ = {isa = PBXFileReference; lastKnownFileType = file.storyboard; name = Base; path = Base.lproj/Main.storyboard; sourceTree = "<group>"; };
		34062B5C244EBC5A0010D4CD /* Assets.xcassets */ = {isa = PBXFileReference; lastKnownFileType = folder.assetcatalog; path = Assets.xcassets; sourceTree = "<group>"; };
		34062B5F244EBC5A0010D4CD /* Base */ = {isa = PBXFileReference; lastKnownFileType = file.storyboard; name = Base; path = Base.lproj/LaunchScreen.storyboard; sourceTree = "<group>"; };
		34062B61244EBC5A0010D4CD /* Info.plist */ = {isa = PBXFileReference; lastKnownFileType = text.plist.xml; path = Info.plist; sourceTree = "<group>"; };
		34062B67244EC6160010D4CD /* Book.swift */ = {isa = PBXFileReference; lastKnownFileType = sourcecode.swift; path = Book.swift; sourceTree = "<group>"; };
		34062B69244ECE4C0010D4CD /* BookTableViewCell.swift */ = {isa = PBXFileReference; lastKnownFileType = sourcecode.swift; path = BookTableViewCell.swift; sourceTree = "<group>"; };
		34062B6A244ECE4C0010D4CD /* BookTableViewCell.xib */ = {isa = PBXFileReference; lastKnownFileType = file.xib; path = BookTableViewCell.xib; sourceTree = "<group>"; };
		34062B6D244EE9280010D4CD /* Preferences.plist */ = {isa = PBXFileReference; lastKnownFileType = text.plist.xml; path = Preferences.plist; sourceTree = "<group>"; };
/* End PBXFileReference section */

/* Begin PBXFrameworksBuildPhase section */
		34062B4D244EBC580010D4CD /* Frameworks */ = {
			isa = PBXFrameworksBuildPhase;
			buildActionMask = 2147483647;
			files = (
			);
			runOnlyForDeploymentPostprocessing = 0;
		};
/* End PBXFrameworksBuildPhase section */

/* Begin PBXGroup section */
		34062B47244EBC580010D4CD = {
			isa = PBXGroup;
			children = (
				34062B52244EBC580010D4CD /* Books */,
				34062B51244EBC580010D4CD /* Products */,
			);
			sourceTree = "<group>";
		};
		34062B51244EBC580010D4CD /* Products */ = {
			isa = PBXGroup;
			children = (
				34062B50244EBC580010D4CD /* Books.app */,
			);
			name = Products;
			sourceTree = "<group>";
		};
		34062B52244EBC580010D4CD /* Books */ = {
			isa = PBXGroup;
			children = (
				34062B53244EBC580010D4CD /* AppDelegate.swift */,
				34062B55244EBC580010D4CD /* SceneDelegate.swift */,
				34062B57244EBC580010D4CD /* ViewController.swift */,
				34062B59244EBC580010D4CD /* Main.storyboard */,
				34062B5C244EBC5A0010D4CD /* Assets.xcassets */,
				34062B5E244EBC5A0010D4CD /* LaunchScreen.storyboard */,
				34062B61244EBC5A0010D4CD /* Info.plist */,
				34062B67244EC6160010D4CD /* Book.swift */,
				34062B69244ECE4C0010D4CD /* BookTableViewCell.swift */,
				34062B6A244ECE4C0010D4CD /* BookTableViewCell.xib */,
				34062B6D244EE9280010D4CD /* Preferences.plist */,
			);
			path = Books;
			sourceTree = "<group>";
		};
/* End PBXGroup section */

/* Begin PBXNativeTarget section */
		34062B4F244EBC580010D4CD /* Books */ = {
			isa = PBXNativeTarget;
			buildConfigurationList = 34062B64244EBC5A0010D4CD /* Build configuration list for PBXNativeTarget "Books" */;
			buildPhases = (
				34062B4C244EBC580010D4CD /* Sources */,
				34062B4D244EBC580010D4CD /* Frameworks */,
				34062B4E244EBC580010D4CD /* Resources */,
			);
			buildRules = (
			);
			dependencies = (
			);
			name = Books;
			productName = Books;
			productReference = 34062B50244EBC580010D4CD /* Books.app */;
			productType = "com.apple.product-type.application";
		};
/* End PBXNativeTarget section */

/* Begin PBXProject section */
		34062B48244EBC580010D4CD /* Project object */ = {
			isa = PBXProject;
			attributes = {
				LastSwiftUpdateCheck = 1130;
				LastUpgradeCheck = 1130;
				ORGANIZATIONNAME = "Alaa Maher";
				TargetAttributes = {
					34062B4F244EBC580010D4CD = {
						CreatedOnToolsVersion = 11.3.1;
					};
				};
			};
			buildConfigurationList = 34062B4B244EBC580010D4CD /* Build configuration list for PBXProject "Books" */;
			compatibilityVersion = "Xcode 9.3";
			developmentRegion = en;
			hasScannedForEncodings = 0;
			knownRegions = (
				en,
				Base,
			);
			mainGroup = 34062B47244EBC580010D4CD;
			productRefGroup = 34062B51244EBC580010D4CD /* Products */;
			projectDirPath = "";
			projectRoot = "";
			targets = (
				34062B4F244EBC580010D4CD /* Books */,
			);
		};
/* End PBXProject section */

/* Begin PBXResourcesBuildPhase section */
		34062B4E244EBC580010D4CD /* Resources */ = {
			isa = PBXResourcesBuildPhase;
			buildActionMask = 2147483647;
			files = (
				34062B6C244ECE4C0010D4CD /* BookTableViewCell.xib in Resources */,
				34062B60244EBC5A0010D4CD /* LaunchScreen.storyboard in Resources */,
				34062B6E244EE9280010D4CD /* Preferences.plist in Resources */,
				34062B5D244EBC5A0010D4CD /* Assets.xcassets in Resources */,
				34062B5B244EBC580010D4CD /* Main.storyboard in Resources */,
			);
			runOnlyForDeploymentPostprocessing = 0;
		};
/* End PBXResourcesBuildPhase section */

/* Begin PBXSourcesBuildPhase section */
		34062B4C244EBC580010D4CD /* Sources */ = {
			isa = PBXSourcesBuildPhase;
			buildActionMask = 2147483647;
			files = (
				34062B68244EC6160010D4CD /* Book.swift in Sources */,
				34062B58244EBC580010D4CD /* ViewController.swift in Sources */,
				34062B54244EBC580010D4CD /* AppDelegate.swift in Sources */,
				34062B6B244ECE4C0010D4CD /* BookTableViewCell.swift in Sources */,
				34062B56244EBC580010D4CD /* SceneDelegate.swift in Sources */,
			);
			runOnlyForDeploymentPostprocessing = 0;
		};
/* End PBXSourcesBuildPhase section */

/* Begin PBXVariantGroup section */
		34062B59244EBC580010D4CD /* Main.storyboard */ = {
			isa = PBXVariantGroup;
			children = (
				34062B5A244EBC580010D4CD /* Base */,
			);
			name = Main.storyboard;
			sourceTree = "<group>";
		};
		34062B5E244EBC5A0010D4CD /* LaunchScreen.storyboard */ = {
			isa = PBXVariantGroup;
			children = (
				34062B5F244EBC5A0010D4CD /* Base */,
			);
			name = LaunchScreen.storyboard;
			sourceTree = "<group>";
		};
/* End PBXVariantGroup section */

/* Begin XCBuildConfiguration section */
		34062B62244EBC5A0010D4CD /* Debug */ = {
			isa = XCBuildConfiguration;
			buildSettings = {
				ALWAYS_SEARCH_USER_PATHS = NO;
				CLANG_ANALYZER_NONNULL = YES;
				CLANG_ANALYZER_NUMBER_OBJECT_CONVERSION = YES_AGGRESSIVE;
				CLANG_CXX_LANGUAGE_STANDARD = "gnu++14";
				CLANG_CXX_LIBRARY = "libc++";
				CLANG_ENABLE_MODULES = YES;
				CLANG_ENABLE_OBJC_ARC = YES;
				CLANG_ENABLE_OBJC_WEAK = YES;
				CLANG_WARN_BLOCK_CAPTURE_AUTORELEASING = YES;
				CLANG_WARN_BOOL_CONVERSION = YES;
				CLANG_WARN_COMMA = YES;
				CLANG_WARN_CONSTANT_CONVERSION = YES;
				CLANG_WARN_DEPRECATED_OBJC_IMPLEMENTATIONS = YES;
				CLANG_WARN_DIRECT_OBJC_ISA_USAGE = YES_ERROR;
				CLANG_WARN_DOCUMENTATION_COMMENTS = YES;
				CLANG_WARN_EMPTY_BODY = YES;
				CLANG_WARN_ENUM_CONVERSION = YES;
				CLANG_WARN_INFINITE_RECURSION = YES;
				CLANG_WARN_INT_CONVERSION = YES;
				CLANG_WARN_NON_LITERAL_NULL_CONVERSION = YES;
				CLANG_WARN_OBJC_IMPLICIT_RETAIN_SELF = YES;
				CLANG_WARN_OBJC_LITERAL_CONVERSION = YES;
				CLANG_WARN_OBJC_ROOT_CLASS = YES_ERROR;
				CLANG_WARN_RANGE_LOOP_ANALYSIS = YES;
				CLANG_WARN_STRICT_PROTOTYPES = YES;
				CLANG_WARN_SUSPICIOUS_MOVE = YES;
				CLANG_WARN_UNGUARDED_AVAILABILITY = YES_AGGRESSIVE;
				CLANG_WARN_UNREACHABLE_CODE = YES;
				CLANG_WARN__DUPLICATE_METHOD_MATCH = YES;
				COPY_PHASE_STRIP = NO;
				DEBUG_INFORMATION_FORMAT = dwarf;
				ENABLE_STRICT_OBJC_MSGSEND = YES;
				ENABLE_TESTABILITY = YES;
				GCC_C_LANGUAGE_STANDARD = gnu11;
				GCC_DYNAMIC_NO_PIC = NO;
				GCC_NO_COMMON_BLOCKS = YES;
				GCC_OPTIMIZATION_LEVEL = 0;
				GCC_PREPROCESSOR_DEFINITIONS = (
					"DEBUG=1",
					"$(inherited)",
				);
				GCC_WARN_64_TO_32_BIT_CONVERSION = YES;
				GCC_WARN_ABOUT_RETURN_TYPE = YES_ERROR;
				GCC_WARN_UNDECLARED_SELECTOR = YES;
				GCC_WARN_UNINITIALIZED_AUTOS = YES_AGGRESSIVE;
				GCC_WARN_UNUSED_FUNCTION = YES;
				GCC_WARN_UNUSED_VARIABLE = YES;
				IPHONEOS_DEPLOYMENT_TARGET = 13.2;
				MTL_ENABLE_DEBUG_INFO = INCLUDE_SOURCE;
				MTL_FAST_MATH = YES;
				ONLY_ACTIVE_ARCH = YES;
				SDKROOT = iphoneos;
				SWIFT_ACTIVE_COMPILATION_CONDITIONS = DEBUG;
				SWIFT_OPTIMIZATION_LEVEL = "-Onone";
			};
			name = Debug;
		};
		34062B63244EBC5A0010D4CD /* Release */ = {
			isa = XCBuildConfiguration;
			buildSettings = {
				ALWAYS_SEARCH_USER_PATHS = NO;
				CLANG_ANALYZER_NONNULL = YES;
				CLANG_ANALYZER_NUMBER_OBJECT_CONVERSION = YES_AGGRESSIVE;
				CLANG_CXX_LANGUAGE_STANDARD = "gnu++14";
				CLANG_CXX_LIBRARY = "libc++";
				CLANG_ENABLE_MODULES = YES;
				CLANG_ENABLE_OBJC_ARC = YES;
				CLANG_ENABLE_OBJC_WEAK = YES;
				CLANG_WARN_BLOCK_CAPTURE_AUTORELEASING = YES;
				CLANG_WARN_BOOL_CONVERSION = YES;
				CLANG_WARN_COMMA = YES;
				CLANG_WARN_CONSTANT_CONVERSION = YES;
				CLANG_WARN_DEPRECATED_OBJC_IMPLEMENTATIONS = YES;
				CLANG_WARN_DIRECT_OBJC_ISA_USAGE = YES_ERROR;
				CLANG_WARN_DOCUMENTATION_COMMENTS = YES;
				CLANG_WARN_EMPTY_BODY = YES;
				CLANG_WARN_ENUM_CONVERSION = YES;
				CLANG_WARN_INFINITE_RECURSION = YES;
				CLANG_WARN_INT_CONVERSION = YES;
				CLANG_WARN_NON_LITERAL_NULL_CONVERSION = YES;
				CLANG_WARN_OBJC_IMPLICIT_RETAIN_SELF = YES;
				CLANG_WARN_OBJC_LITERAL_CONVERSION = YES;
				CLANG_WARN_OBJC_ROOT_CLASS = YES_ERROR;
				CLANG_WARN_RANGE_LOOP_ANALYSIS = YES;
				CLANG_WARN_STRICT_PROTOTYPES = YES;
				CLANG_WARN_SUSPICIOUS_MOVE = YES;
				CLANG_WARN_UNGUARDED_AVAILABILITY = YES_AGGRESSIVE;
				CLANG_WARN_UNREACHABLE_CODE = YES;
				CLANG_WARN__DUPLICATE_METHOD_MATCH = YES;
				COPY_PHASE_STRIP = NO;
				DEBUG_INFORMATION_FORMAT = "dwarf-with-dsym";
				ENABLE_NS_ASSERTIONS = NO;
				ENABLE_STRICT_OBJC_MSGSEND = YES;
				GCC_C_LANGUAGE_STANDARD = gnu11;
				GCC_NO_COMMON_BLOCKS = YES;
				GCC_WARN_64_TO_32_BIT_CONVERSION = YES;
				GCC_WARN_ABOUT_RETURN_TYPE = YES_ERROR;
				GCC_WARN_UNDECLARED_SELECTOR = YES;
				GCC_WARN_UNINITIALIZED_AUTOS = YES_AGGRESSIVE;
				GCC_WARN_UNUSED_FUNCTION = YES;
				GCC_WARN_UNUSED_VARIABLE = YES;
				IPHONEOS_DEPLOYMENT_TARGET = 13.2;
				MTL_ENABLE_DEBUG_INFO = NO;
				MTL_FAST_MATH = YES;
				SDKROOT = iphoneos;
				SWIFT_COMPILATION_MODE = wholemodule;
				SWIFT_OPTIMIZATION_LEVEL = "-O";
				VALIDATE_PRODUCT = YES;
			};
			name = Release;
		};
		34062B65244EBC5A0010D4CD /* Debug */ = {
			isa = XCBuildConfiguration;
			buildSettings = {
				ASSETCATALOG_COMPILER_APPICON_NAME = AppIcon;
				CODE_SIGN_STYLE = Automatic;
				DEVELOPMENT_TEAM = 86J76HU65Z;
				INFOPLIST_FILE = Books/Info.plist;
				LD_RUNPATH_SEARCH_PATHS = (
					"$(inherited)",
					"@executable_path/Frameworks",
				);
				PRODUCT_BUNDLE_IDENTIFIER = com.almgohar.Books;
				PRODUCT_NAME = "$(TARGET_NAME)";
				SWIFT_VERSION = 5.0;
				TARGETED_DEVICE_FAMILY = "1,2";
			};
			name = Debug;
		};
		34062B66244EBC5A0010D4CD /* Release */ = {
			isa = XCBuildConfiguration;
			buildSettings = {
				ASSETCATALOG_COMPILER_APPICON_NAME = AppIcon;
				CODE_SIGN_STYLE = Automatic;
				DEVELOPMENT_TEAM = 86J76HU65Z;
				INFOPLIST_FILE = Books/Info.plist;
				LD_RUNPATH_SEARCH_PATHS = (
					"$(inherited)",
					"@executable_path/Frameworks",
				);
				PRODUCT_BUNDLE_IDENTIFIER = com.almgohar.Books;
				PRODUCT_NAME = "$(TARGET_NAME)";
				SWIFT_VERSION = 5.0;
				TARGETED_DEVICE_FAMILY = "1,2";
			};
			name = Release;
		};
/* End XCBuildConfiguration section */

/* Begin XCConfigurationList section */
		34062B4B244EBC580010D4CD /* Build configuration list for PBXProject "Books" */ = {
			isa = XCConfigurationList;
			buildConfigurations = (
				34062B62244EBC5A0010D4CD /* Debug */,
				34062B63244EBC5A0010D4CD /* Release */,
			);
			defaultConfigurationIsVisible = 0;
			defaultConfigurationName = Release;
		};
		34062B64244EBC5A0010D4CD /* Build configuration list for PBXNativeTarget "Books" */ = {
			isa = XCConfigurationList;
			buildConfigurations = (
				34062B65244EBC5A0010D4CD /* Debug */,
				34062B66244EBC5A0010D4CD /* Release */,
			);
			defaultConfigurationIsVisible = 0;
			defaultConfigurationName = Release;
		};
/* End XCConfigurationList section */
	};
	rootObject = 34062B48244EBC580010D4CD /* Project object */;
}
